
Microsoft Visual Studio Solution File, Format Version 12.00
# Visual Studio Version 16
VisualStudioVersion = 16.0.31613.86
MinimumVisualStudioVersion = 10.0.40219.1
Project("{FAE04EC0-301F-11D3-BF4B-00C04F79EFBC}") = "AGS.SwitchOperations", "AGS.SwitchOperations\AGS.SwitchOperations.csproj", "{520E14B5-E772-4B39-A0F0-9E7FF510B7A5}"
EndProject
Project("{FAE04EC0-301F-11D3-BF4B-00C04F79EFBC}") = "AGS.SwitchOperations.BusinessLogics", "AGS.SwitchOperations.BusinessLogics\AGS.SwitchOperations.BusinessLogics.csproj", "{B9D2BAA2-E785-499F-9C81-8EF1B0EED54C}"
EndProject
Project("{FAE04EC0-301F-11D3-BF4B-00C04F79EFBC}") = "AGS.SwitchOperations.BusinessObjects", "AGS.SwitchOperations.BusinessObjects\AGS.SwitchOperations.BusinessObjects.csproj", "{D45EC88D-59CB-44E7-85B6-5947614626C9}"
EndProject
Project("{FAE04EC0-301F-11D3-BF4B-00C04F79EFBC}") = "AGS.SwitchOperations.DataLogics", "AGS.SwitchOperations.DataLogics\AGS.SwitchOperations.DataLogics.csproj", "{89E619F4-1857-4F17-BE32-A84B8606DA5A}"
EndProject
Project("{FAE04EC0-301F-11D3-BF4B-00C04F79EFBC}") = "AGS.SwitchOperations.Validator", "AGS.SwitchOperations.Validator\AGS.SwitchOperations.Validator.csproj", "{F54F4B31-4AF9-40D6-9DE7-F77CDFC53D01}"
EndProject
Project("{FAE04EC0-301F-11D3-BF4B-00C04F79EFBC}") = "AGS.SwitchOperations.Common", "AGS.SwitchOperations.Common\AGS.SwitchOperations.Common.csproj", "{8561F318-AC80-4501-AFF8-FFF2197F1A2D}"
EndProject
Global
	GlobalSection(SolutionConfigurationPlatforms) = preSolution
		Debug|Any CPU = Debug|Any CPU
		Release|Any CPU = Release|Any CPU
	EndGlobalSection
	GlobalSection(ProjectConfigurationPlatforms) = postSolution
		{520E14B5-E772-4B39-A0F0-9E7FF510B7A5}.Debug|Any CPU.ActiveCfg = Debug|Any CPU
		{520E14B5-E772-4B39-A0F0-9E7FF510B7A5}.Debug|Any CPU.Build.0 = Debug|Any CPU
		{520E14B5-E772-4B39-A0F0-9E7FF510B7A5}.Release|Any CPU.ActiveCfg = Release|Any CPU
		{520E14B5-E772-4B39-A0F0-9E7FF510B7A5}.Release|Any CPU.Build.0 = Release|Any CPU
		{B9D2BAA2-E785-499F-9C81-8EF1B0EED54C}.Debug|Any CPU.ActiveCfg = Debug|Any CPU
		{B9D2BAA2-E785-499F-9C81-8EF1B0EED54C}.Debug|Any CPU.Build.0 = Debug|Any CPU
		{B9D2BAA2-E785-499F-9C81-8EF1B0EED54C}.Release|Any CPU.ActiveCfg = Release|Any CPU
		{B9D2BAA2-E785-499F-9C81-8EF1B0EED54C}.Release|Any CPU.Build.0 = Release|Any CPU
		{D45EC88D-59CB-44E7-85B6-5947614626C9}.Debug|Any CPU.ActiveCfg = Debug|Any CPU
		{D45EC88D-59CB-44E7-85B6-5947614626C9}.Debug|Any CPU.Build.0 = Debug|Any CPU
		{D45EC88D-59CB-44E7-85B6-5947614626C9}.Release|Any CPU.ActiveCfg = Release|Any CPU
		{D45EC88D-59CB-44E7-85B6-5947614626C9}.Release|Any CPU.Build.0 = Release|Any CPU
		{89E619F4-1857-4F17-BE32-A84B8606DA5A}.Debug|Any CPU.ActiveCfg = Debug|Any CPU
		{89E619F4-1857-4F17-BE32-A84B8606DA5A}.Debug|Any CPU.Build.0 = Debug|Any CPU
		{89E619F4-1857-4F17-BE32-A84B8606DA5A}.Release|Any CPU.ActiveCfg = Release|Any CPU
		{89E619F4-1857-4F17-BE32-A84B8606DA5A}.Release|Any CPU.Build.0 = Release|Any CPU
		{F54F4B31-4AF9-40D6-9DE7-F77CDFC53D01}.Debug|Any CPU.ActiveCfg = Debug|Any CPU
		{F54F4B31-4AF9-40D6-9DE7-F77CDFC53D01}.Debug|Any CPU.Build.0 = Debug|Any CPU
		{F54F4B31-4AF9-40D6-9DE7-F77CDFC53D01}.Release|Any CPU.ActiveCfg = Release|Any CPU
		{F54F4B31-4AF9-40D6-9DE7-F77CDFC53D01}.Release|Any CPU.Build.0 = Release|Any CPU
		{8561F318-AC80-4501-AFF8-FFF2197F1A2D}.Debug|Any CPU.ActiveCfg = Debug|Any CPU
		{8561F318-AC80-4501-AFF8-FFF2197F1A2D}.Debug|Any CPU.Build.0 = Debug|Any CPU
		{8561F318-AC80-4501-AFF8-FFF2197F1A2D}.Release|Any CPU.ActiveCfg = Release|Any CPU
		{8561F318-AC80-4501-AFF8-FFF2197F1A2D}.Release|Any CPU.Build.0 = Release|Any CPU
	EndGlobalSection
	GlobalSection(SolutionProperties) = preSolution
		HideSolutionNode = FALSE
	EndGlobalSection
	GlobalSection(ExtensibilityGlobals) = postSolution
		SolutionGuid = {A90CE1E4-5BA8-499B-8807-89B12280A388}
	EndGlobalSection
EndGlobal
