
Microsoft Visual Studio Solution File, Format Version 12.00
# Visual Studio Version 17
VisualStudioVersion = 17.3.32901.215
MinimumVisualStudioVersion = 10.0.40219.1
Project("{FAE04EC0-301F-11D3-BF4B-00C04F79EFBC}") = "HelloWorld", "HelloMoto\HelloWorld.csproj", "{56CC1A55-40FE-4A07-BE1E-9783642BD799}"
	ProjectSection(ProjectDependencies) = postProject
		{09F13438-BDC7-4B45-9140-E23A53F54A42} = {09F13438-BDC7-4B45-9140-E23A53F54A42}
		{18309461-04B5-458B-A703-AF572B501F46} = {18309461-04B5-458B-A703-AF572B501F46}
		{2709B79D-C652-41B3-AC05-B3FF5268C17B} = {2709B79D-C652-41B3-AC05-B3FF5268C17B}
		{3866AFA8-59A0-47C8-828E-17447D0846D9} = {3866AFA8-59A0-47C8-828E-17447D0846D9}
		{3BBE8445-CBA4-4E9D-B97C-A4A6D6EB5909} = {3BBE8445-CBA4-4E9D-B97C-A4A6D6EB5909}
		{6BEF76A8-0B13-4B47-A87C-BB06FD0750AC} = {6BEF76A8-0B13-4B47-A87C-BB06FD0750AC}
		{7B05DC14-3D16-45B5-ABBB-CE5B73475A1F} = {7B05DC14-3D16-45B5-ABBB-CE5B73475A1F}
		{95746096-733E-4A79-8F0F-A9F132886502} = {95746096-733E-4A79-8F0F-A9F132886502}
		{BE997276-E286-4826-9CC4-C4F10FCA5CAA} = {BE997276-E286-4826-9CC4-C4F10FCA5CAA}
		{C75F8DF5-6A35-4AD1-8526-21664C42CFDA} = {C75F8DF5-6A35-4AD1-8526-21664C42CFDA}
		{D504187F-34E4-42F5-B957-F952920FE93D} = {D504187F-34E4-42F5-B957-F952920FE93D}
		{DDFA35E5-E4F2-44CD-9739-AB529FCF3F57} = {DDFA35E5-E4F2-44CD-9739-AB529FCF3F57}
	EndProjectSection
EndProject
Project("{FAE04EC0-301F-11D3-BF4B-00C04F79EFBC}") = "AGS.CardReissue", "AGS.CardReissue\AGS.CardReissue\AGS.CardReissue.csproj", "{2709B79D-C652-41B3-AC05-B3FF5268C17B}"
EndProject
Project("{FAE04EC0-301F-11D3-BF4B-00C04F79EFBC}") = "Test", "Test\Test.csproj", "{4780C8C5-44F4-4881-BFEA-19548AEAE6D8}"
	ProjectSection(ProjectDependencies) = postProject
		{09F13438-BDC7-4B45-9140-E23A53F54A42} = {09F13438-BDC7-4B45-9140-E23A53F54A42}
		{18309461-04B5-458B-A703-AF572B501F46} = {18309461-04B5-458B-A703-AF572B501F46}
		{3BBE8445-CBA4-4E9D-B97C-A4A6D6EB5909} = {3BBE8445-CBA4-4E9D-B97C-A4A6D6EB5909}
		{6BEF76A8-0B13-4B47-A87C-BB06FD0750AC} = {6BEF76A8-0B13-4B47-A87C-BB06FD0750AC}
		{7B05DC14-3D16-45B5-ABBB-CE5B73475A1F} = {7B05DC14-3D16-45B5-ABBB-CE5B73475A1F}
		{95746096-733E-4A79-8F0F-A9F132886502} = {95746096-733E-4A79-8F0F-A9F132886502}
		{BE997276-E286-4826-9CC4-C4F10FCA5CAA} = {BE997276-E286-4826-9CC4-C4F10FCA5CAA}
		{C75F8DF5-6A35-4AD1-8526-21664C42CFDA} = {C75F8DF5-6A35-4AD1-8526-21664C42CFDA}
		{D504187F-34E4-42F5-B957-F952920FE93D} = {D504187F-34E4-42F5-B957-F952920FE93D}
		{DDFA35E5-E4F2-44CD-9739-AB529FCF3F57} = {DDFA35E5-E4F2-44CD-9739-AB529FCF3F57}
	EndProjectSection
EndProject
Project("{FAE04EC0-301F-11D3-BF4B-00C04F79EFBC}") = "AGS.RBLCardAutomationISO", "RBLCardAutomationISO\AGS.RBLCardAutomationISO.csproj", "{DDFA35E5-E4F2-44CD-9739-AB529FCF3F57}"
EndProject
Project("{FAE04EC0-301F-11D3-BF4B-00C04F79EFBC}") = "AGS.CardAutomationISO", "CardAutomationISO\AGS.CardAutomationISO.csproj", "{09F13438-BDC7-4B45-9140-E23A53F54A42}"
EndProject
Project("{FAE04EC0-301F-11D3-BF4B-00C04F79EFBC}") = "AccountLinking", "AccountLinking\AccountLinking.csproj", "{3866AFA8-59A0-47C8-828E-17447D0846D9}"
EndProject
Project("{FAE04EC0-301F-11D3-BF4B-00C04F79EFBC}") = "AGS.CardFileGenaration", "AGS.CardFileGenaration\AGS.CardFileGenaration.csproj", "{95746096-733E-4A79-8F0F-A9F132886502}"
EndProject
Project("{FAE04EC0-301F-11D3-BF4B-00C04F79EFBC}") = "AGS.PREFileGenerationRBL", "AGS.PREFILEGenerationRBL\AGS.PREFileGenerationRBL.csproj", "{C75F8DF5-6A35-4AD1-8526-21664C42CFDA}"
EndProject
Project("{FAE04EC0-301F-11D3-BF4B-00C04F79EFBC}") = "AGS.PREFileGenerationRBLWithOutFileID", "AGS.PREFILEGenerationRBLwithOutFileID\AGS.PREFileGenerationRBLWithOutFileID.csproj", "{BE997276-E286-4826-9CC4-C4F10FCA5CAA}"
EndProject
Project("{FAE04EC0-301F-11D3-BF4B-00C04F79EFBC}") = "AGS.PREFileGenerationwithOutFileID", "AGS.PREFileGenerationwithOutFileID\AGS.PREFileGenerationwithOutFileID.csproj", "{D504187F-34E4-42F5-B957-F952920FE93D}"
EndProject
Project("{FAE04EC0-301F-11D3-BF4B-00C04F79EFBC}") = "AGSAsyncLog", "AGSAsyncLog\AGSAsyncLog.csproj", "{4F3938FE-ACE8-4D9C-8E77-AF3D449800FF}"
EndProject
Project("{FAE04EC0-301F-11D3-BF4B-00C04F79EFBC}") = "AGS.PREFileGeneration", "AGS.PREFileGeneration\AGS.PREFileGeneration.csproj", "{6BEF76A8-0B13-4B47-A87C-BB06FD0750AC}"
EndProject
Project("{FAE04EC0-301F-11D3-BF4B-00C04F79EFBC}") = "CardAutomationException", "CardAutomationException\CardAutomationException.csproj", "{332A57EA-CE76-4841-9679-1ED3E6272189}"
EndProject
Project("{FAE04EC0-301F-11D3-BF4B-00C04F79EFBC}") = "ExceptionJob", "ExceptionJob\ExceptionJob.csproj", "{00D51E19-10A6-40EE-AF5C-EB9BDFC2E6A8}"
EndProject
Project("{FAE04EC0-301F-11D3-BF4B-00C04F79EFBC}") = "CardFileSplit", "CardFileSplit\CardFileSplit.csproj", "{7B05DC14-3D16-45B5-ABBB-CE5B73475A1F}"
EndProject
Project("{FAE04EC0-301F-11D3-BF4B-00C04F79EFBC}") = "CustomerDataUpdate", "CustomerDataUpdate\CustomerDataUpdate.csproj", "{3BBE8445-CBA4-4E9D-B97C-A4A6D6EB5909}"
EndProject
Project("{FAE04EC0-301F-11D3-BF4B-00C04F79EFBC}") = "InstaCardsFileGeneration", "InstaCardsFileGeneration\InstaCardsFileGeneration.csproj", "{18309461-04B5-458B-A703-AF572B501F46}"
EndProject
Global
	GlobalSection(SolutionConfigurationPlatforms) = preSolution
		Debug|Any CPU = Debug|Any CPU
		Release|Any CPU = Release|Any CPU
	EndGlobalSection
	GlobalSection(ProjectConfigurationPlatforms) = postSolution
		{56CC1A55-40FE-4A07-BE1E-9783642BD799}.Debug|Any CPU.ActiveCfg = Debug|Any CPU
		{56CC1A55-40FE-4A07-BE1E-9783642BD799}.Debug|Any CPU.Build.0 = Debug|Any CPU
		{56CC1A55-40FE-4A07-BE1E-9783642BD799}.Release|Any CPU.ActiveCfg = Release|Any CPU
		{56CC1A55-40FE-4A07-BE1E-9783642BD799}.Release|Any CPU.Build.0 = Release|Any CPU
		{2709B79D-C652-41B3-AC05-B3FF5268C17B}.Debug|Any CPU.ActiveCfg = Debug|Any CPU
		{2709B79D-C652-41B3-AC05-B3FF5268C17B}.Debug|Any CPU.Build.0 = Debug|Any CPU
		{2709B79D-C652-41B3-AC05-B3FF5268C17B}.Release|Any CPU.ActiveCfg = Release|Any CPU
		{2709B79D-C652-41B3-AC05-B3FF5268C17B}.Release|Any CPU.Build.0 = Release|Any CPU
		{4780C8C5-44F4-4881-BFEA-19548AEAE6D8}.Debug|Any CPU.ActiveCfg = Debug|Any CPU
		{4780C8C5-44F4-4881-BFEA-19548AEAE6D8}.Debug|Any CPU.Build.0 = Debug|Any CPU
		{4780C8C5-44F4-4881-BFEA-19548AEAE6D8}.Release|Any CPU.ActiveCfg = Release|Any CPU
		{4780C8C5-44F4-4881-BFEA-19548AEAE6D8}.Release|Any CPU.Build.0 = Release|Any CPU
		{DDFA35E5-E4F2-44CD-9739-AB529FCF3F57}.Debug|Any CPU.ActiveCfg = Debug|Any CPU
		{DDFA35E5-E4F2-44CD-9739-AB529FCF3F57}.Debug|Any CPU.Build.0 = Debug|Any CPU
		{DDFA35E5-E4F2-44CD-9739-AB529FCF3F57}.Release|Any CPU.ActiveCfg = Release|Any CPU
		{DDFA35E5-E4F2-44CD-9739-AB529FCF3F57}.Release|Any CPU.Build.0 = Release|Any CPU
		{09F13438-BDC7-4B45-9140-E23A53F54A42}.Debug|Any CPU.ActiveCfg = Debug|Any CPU
		{09F13438-BDC7-4B45-9140-E23A53F54A42}.Debug|Any CPU.Build.0 = Debug|Any CPU
		{09F13438-BDC7-4B45-9140-E23A53F54A42}.Release|Any CPU.ActiveCfg = Release|Any CPU
		{09F13438-BDC7-4B45-9140-E23A53F54A42}.Release|Any CPU.Build.0 = Release|Any CPU
		{3866AFA8-59A0-47C8-828E-17447D0846D9}.Debug|Any CPU.ActiveCfg = Debug|Any CPU
		{3866AFA8-59A0-47C8-828E-17447D0846D9}.Debug|Any CPU.Build.0 = Debug|Any CPU
		{3866AFA8-59A0-47C8-828E-17447D0846D9}.Release|Any CPU.ActiveCfg = Release|Any CPU
		{3866AFA8-59A0-47C8-828E-17447D0846D9}.Release|Any CPU.Build.0 = Release|Any CPU
		{95746096-733E-4A79-8F0F-A9F132886502}.Debug|Any CPU.ActiveCfg = Debug|Any CPU
		{95746096-733E-4A79-8F0F-A9F132886502}.Debug|Any CPU.Build.0 = Debug|Any CPU
		{95746096-733E-4A79-8F0F-A9F132886502}.Release|Any CPU.ActiveCfg = Release|Any CPU
		{95746096-733E-4A79-8F0F-A9F132886502}.Release|Any CPU.Build.0 = Release|Any CPU
		{C75F8DF5-6A35-4AD1-8526-21664C42CFDA}.Debug|Any CPU.ActiveCfg = Debug|Any CPU
		{C75F8DF5-6A35-4AD1-8526-21664C42CFDA}.Debug|Any CPU.Build.0 = Debug|Any CPU
		{C75F8DF5-6A35-4AD1-8526-21664C42CFDA}.Release|Any CPU.ActiveCfg = Release|Any CPU
		{C75F8DF5-6A35-4AD1-8526-21664C42CFDA}.Release|Any CPU.Build.0 = Release|Any CPU
		{BE997276-E286-4826-9CC4-C4F10FCA5CAA}.Debug|Any CPU.ActiveCfg = Debug|Any CPU
		{BE997276-E286-4826-9CC4-C4F10FCA5CAA}.Debug|Any CPU.Build.0 = Debug|Any CPU
		{BE997276-E286-4826-9CC4-C4F10FCA5CAA}.Release|Any CPU.ActiveCfg = Release|Any CPU
		{BE997276-E286-4826-9CC4-C4F10FCA5CAA}.Release|Any CPU.Build.0 = Release|Any CPU
		{D504187F-34E4-42F5-B957-F952920FE93D}.Debug|Any CPU.ActiveCfg = Debug|Any CPU
		{D504187F-34E4-42F5-B957-F952920FE93D}.Debug|Any CPU.Build.0 = Debug|Any CPU
		{D504187F-34E4-42F5-B957-F952920FE93D}.Release|Any CPU.ActiveCfg = Release|Any CPU
		{D504187F-34E4-42F5-B957-F952920FE93D}.Release|Any CPU.Build.0 = Release|Any CPU
		{4F3938FE-ACE8-4D9C-8E77-AF3D449800FF}.Debug|Any CPU.ActiveCfg = Debug|Any CPU
		{4F3938FE-ACE8-4D9C-8E77-AF3D449800FF}.Debug|Any CPU.Build.0 = Debug|Any CPU
		{4F3938FE-ACE8-4D9C-8E77-AF3D449800FF}.Release|Any CPU.ActiveCfg = Release|Any CPU
		{4F3938FE-ACE8-4D9C-8E77-AF3D449800FF}.Release|Any CPU.Build.0 = Release|Any CPU
		{6BEF76A8-0B13-4B47-A87C-BB06FD0750AC}.Debug|Any CPU.ActiveCfg = Debug|Any CPU
		{6BEF76A8-0B13-4B47-A87C-BB06FD0750AC}.Debug|Any CPU.Build.0 = Debug|Any CPU
		{6BEF76A8-0B13-4B47-A87C-BB06FD0750AC}.Release|Any CPU.ActiveCfg = Release|Any CPU
		{6BEF76A8-0B13-4B47-A87C-BB06FD0750AC}.Release|Any CPU.Build.0 = Release|Any CPU
		{332A57EA-CE76-4841-9679-1ED3E6272189}.Debug|Any CPU.ActiveCfg = Debug|Any CPU
		{332A57EA-CE76-4841-9679-1ED3E6272189}.Debug|Any CPU.Build.0 = Debug|Any CPU
		{332A57EA-CE76-4841-9679-1ED3E6272189}.Release|Any CPU.ActiveCfg = Release|Any CPU
		{332A57EA-CE76-4841-9679-1ED3E6272189}.Release|Any CPU.Build.0 = Release|Any CPU
		{00D51E19-10A6-40EE-AF5C-EB9BDFC2E6A8}.Debug|Any CPU.ActiveCfg = Debug|Any CPU
		{00D51E19-10A6-40EE-AF5C-EB9BDFC2E6A8}.Debug|Any CPU.Build.0 = Debug|Any CPU
		{00D51E19-10A6-40EE-AF5C-EB9BDFC2E6A8}.Release|Any CPU.ActiveCfg = Release|Any CPU
		{00D51E19-10A6-40EE-AF5C-EB9BDFC2E6A8}.Release|Any CPU.Build.0 = Release|Any CPU
		{7B05DC14-3D16-45B5-ABBB-CE5B73475A1F}.Debug|Any CPU.ActiveCfg = Debug|Any CPU
		{7B05DC14-3D16-45B5-ABBB-CE5B73475A1F}.Debug|Any CPU.Build.0 = Debug|Any CPU
		{7B05DC14-3D16-45B5-ABBB-CE5B73475A1F}.Release|Any CPU.ActiveCfg = Release|Any CPU
		{7B05DC14-3D16-45B5-ABBB-CE5B73475A1F}.Release|Any CPU.Build.0 = Release|Any CPU
		{3BBE8445-CBA4-4E9D-B97C-A4A6D6EB5909}.Debug|Any CPU.ActiveCfg = Debug|Any CPU
		{3BBE8445-CBA4-4E9D-B97C-A4A6D6EB5909}.Debug|Any CPU.Build.0 = Debug|Any CPU
		{3BBE8445-CBA4-4E9D-B97C-A4A6D6EB5909}.Release|Any CPU.ActiveCfg = Release|Any CPU
		{3BBE8445-CBA4-4E9D-B97C-A4A6D6EB5909}.Release|Any CPU.Build.0 = Release|Any CPU
		{18309461-04B5-458B-A703-AF572B501F46}.Debug|Any CPU.ActiveCfg = Debug|Any CPU
		{18309461-04B5-458B-A703-AF572B501F46}.Debug|Any CPU.Build.0 = Debug|Any CPU
		{18309461-04B5-458B-A703-AF572B501F46}.Release|Any CPU.ActiveCfg = Release|Any CPU
		{18309461-04B5-458B-A703-AF572B501F46}.Release|Any CPU.Build.0 = Release|Any CPU
	EndGlobalSection
	GlobalSection(SolutionProperties) = preSolution
		HideSolutionNode = FALSE
	EndGlobalSection
	GlobalSection(ExtensibilityGlobals) = postSolution
		SolutionGuid = {BCFDF5A1-905F-4DA9-9957-F66B3BC5A689}
	EndGlobalSection
EndGlobal
